// !$*UTF8*$!
{
	archiveVersion = 1;
	classes = {
	};
	objectVersion = 56;
	objects = {

/* Begin PBXBuildFile section */
		2A1DFAA82C291DD10097BB65 /* MissionVotingView.swift in Sources */ = {isa = PBXBuildFile; fileRef = 2A1DFAA72C291DD10097BB65 /* MissionVotingView.swift */; };
		2A3079C42C2639B5004FD332 /* Pacifico-Regular.ttf in Resources */ = {isa = PBXBuildFile; fileRef = 2A3079C32C2639B5004FD332 /* Pacifico-Regular.ttf */; };
		2A3F35B12C2CD63900B771CF /* gameEnd.swift in Sources */ = {isa = PBXBuildFile; fileRef = 2A3F35B02C2CD63900B771CF /* gameEnd.swift */; };
		2A7C595E2C260BFE00850B32 /* TheResistanceGameApp.swift in Sources */ = {isa = PBXBuildFile; fileRef = 2A7C595D2C260BFE00850B32 /* TheResistanceGameApp.swift */; };
		2A7C59602C260BFE00850B32 /* ContentView.swift in Sources */ = {isa = PBXBuildFile; fileRef = 2A7C595F2C260BFE00850B32 /* ContentView.swift */; };
		2A7C59622C260BFE00850B32 /* Item.swift in Sources */ = {isa = PBXBuildFile; fileRef = 2A7C59612C260BFE00850B32 /* Item.swift */; };
		2A7C59642C260C0000850B32 /* Assets.xcassets in Resources */ = {isa = PBXBuildFile; fileRef = 2A7C59632C260C0000850B32 /* Assets.xcassets */; };
		2A7C59672C260C0000850B32 /* Preview Assets.xcassets in Resources */ = {isa = PBXBuildFile; fileRef = 2A7C59662C260C0000850B32 /* Preview Assets.xcassets */; };
		2A7C596E2C260C7700850B32 /* PlayerSetupView.swift in Sources */ = {isa = PBXBuildFile; fileRef = 2A7C596D2C260C7700850B32 /* PlayerSetupView.swift */; };
		2A7C59702C260CC400850B32 /* GameState.swift in Sources */ = {isa = PBXBuildFile; fileRef = 2A7C596F2C260CC400850B32 /* GameState.swift */; };
		2A7C59722C260EB000850B32 /* GameService.swift in Sources */ = {isa = PBXBuildFile; fileRef = 2A7C59712C260EB000850B32 /* GameService.swift */; };
		2A7C59752C260F5900850B32 /* FirebaseAuth in Frameworks */ = {isa = PBXBuildFile; productRef = 2A7C59742C260F5900850B32 /* FirebaseAuth */; };
		2A7C59772C260F5900850B32 /* FirebaseDatabase in Frameworks */ = {isa = PBXBuildFile; productRef = 2A7C59762C260F5900850B32 /* FirebaseDatabase */; };
		2A7C59792C260F5900850B32 /* FirebaseDatabaseSwift in Frameworks */ = {isa = PBXBuildFile; productRef = 2A7C59782C260F5900850B32 /* FirebaseDatabaseSwift */; };
		2A7C597B2C260F5900850B32 /* FirebaseFirestore in Frameworks */ = {isa = PBXBuildFile; productRef = 2A7C597A2C260F5900850B32 /* FirebaseFirestore */; };
		2A7C597D2C260F5900850B32 /* FirebaseFirestoreSwift in Frameworks */ = {isa = PBXBuildFile; productRef = 2A7C597C2C260F5900850B32 /* FirebaseFirestoreSwift */; };
		2A7C597F2C260F5900850B32 /* FirebaseStorage in Frameworks */ = {isa = PBXBuildFile; productRef = 2A7C597E2C260F5900850B32 /* FirebaseStorage */; };
		2A7C59832C26107200850B32 /* WaitingLobbyView.swift in Sources */ = {isa = PBXBuildFile; fileRef = 2A7C59822C26107200850B32 /* WaitingLobbyView.swift */; };
		2A7C59872C26126300850B32 /* GoogleService-Info.plist in Resources */ = {isa = PBXBuildFile; fileRef = 2A7C59862C26126300850B32 /* GoogleService-Info.plist */; };
		2A7C598A2C2622A900850B32 /* CustomTextBox.swift in Sources */ = {isa = PBXBuildFile; fileRef = 2A7C59892C2622A900850B32 /* CustomTextBox.swift */; };
		2A7C598C2C2622F600850B32 /* HostOrJoinLabel.swift in Sources */ = {isa = PBXBuildFile; fileRef = 2A7C598B2C2622F600850B32 /* HostOrJoinLabel.swift */; };
		2AA04A392C263A760043A514 /* Knewave-Regular.ttf in Resources */ = {isa = PBXBuildFile; fileRef = 2AA04A382C263A760043A514 /* Knewave-Regular.ttf */; };
		2AA04A3B2C265CD70043A514 /* NavigationViewModel.swift in Sources */ = {isa = PBXBuildFile; fileRef = 2AA04A3A2C265CD70043A514 /* NavigationViewModel.swift */; };
		2AA04A3D2C267F1A0043A514 /* ConcertOne-Regular.ttf in Resources */ = {isa = PBXBuildFile; fileRef = 2AA04A3C2C267F1A0043A514 /* ConcertOne-Regular.ttf */; };
		2AA04A3F2C268F3C0043A514 /* SpyRevealView.swift in Sources */ = {isa = PBXBuildFile; fileRef = 2AA04A3E2C268F3C0043A514 /* SpyRevealView.swift */; };
		2AA04A412C26905D0043A514 /* Dangrek-Regular.ttf in Resources */ = {isa = PBXBuildFile; fileRef = 2AA04A402C26905D0043A514 /* Dangrek-Regular.ttf */; };
		2AA04A432C2694F10043A514 /* ResistanceRevealView.swift in Sources */ = {isa = PBXBuildFile; fileRef = 2AA04A422C2694F10043A514 /* ResistanceRevealView.swift */; };
		2AA04A452C27529F0043A514 /* MissionDashboard.swift in Sources */ = {isa = PBXBuildFile; fileRef = 2AA04A442C27529F0043A514 /* MissionDashboard.swift */; };
		2AA04A472C27532C0043A514 /* MissionCircle.swift in Sources */ = {isa = PBXBuildFile; fileRef = 2AA04A462C27532C0043A514 /* MissionCircle.swift */; };
		2AA04A492C277BE10043A514 /* MainGameView.swift in Sources */ = {isa = PBXBuildFile; fileRef = 2AA04A482C277BE10043A514 /* MainGameView.swift */; };
		2AA04A4B2C277E590043A514 /* Itim-Regular.ttf in Resources */ = {isa = PBXBuildFile; fileRef = 2AA04A4A2C277E590043A514 /* Itim-Regular.ttf */; };
		2AA04A4D2C2797A60043A514 /* MissionDetailView.swift in Sources */ = {isa = PBXBuildFile; fileRef = 2AA04A4C2C2797A60043A514 /* MissionDetailView.swift */; };
		2AA04A4F2C27A3590043A514 /* JockeyOne-Regular.ttf in Resources */ = {isa = PBXBuildFile; fileRef = 2AA04A4E2C27A3590043A514 /* JockeyOne-Regular.ttf */; };
		2AA04A512C27A8550043A514 /* MoreMissionDetailView.swift in Sources */ = {isa = PBXBuildFile; fileRef = 2AA04A502C27A8550043A514 /* MoreMissionDetailView.swift */; };
		2AA04A532C27F7130043A514 /* TeamSelectionView.swift in Sources */ = {isa = PBXBuildFile; fileRef = 2AA04A522C27F7130043A514 /* TeamSelectionView.swift */; };
		2AA04A572C28EF0D0043A514 /* CurrentLeaderBox.swift in Sources */ = {isa = PBXBuildFile; fileRef = 2AA04A562C28EF0D0043A514 /* CurrentLeaderBox.swift */; };
		2ACF06C52C2CE316003C179F /* LobsterTwo-Regular.ttf in Resources */ = {isa = PBXBuildFile; fileRef = 2ACF06C42C2CE315003C179F /* LobsterTwo-Regular.ttf */; };
		2ACF06C72C2CE45F003C179F /* MouseMemoirs-Regular.ttf in Resources */ = {isa = PBXBuildFile; fileRef = 2ACF06C62C2CE45F003C179F /* MouseMemoirs-Regular.ttf */; };
		2ACF06C92C2DCA1A003C179F /* PlayerOrderView.swift in Sources */ = {isa = PBXBuildFile; fileRef = 2ACF06C82C2DCA1A003C179F /* PlayerOrderView.swift */; };
/* End PBXBuildFile section */

/* Begin PBXFileReference section */
		2A1DFAA72C291DD10097BB65 /* MissionVotingView.swift */ = {isa = PBXFileReference; lastKnownFileType = sourcecode.swift; path = MissionVotingView.swift; sourceTree = "<group>"; };
		2A3079C12C26396C004FD332 /* Info.plist */ = {isa = PBXFileReference; lastKnownFileType = text.plist; path = Info.plist; sourceTree = "<group>"; };
		2A3079C32C2639B5004FD332 /* Pacifico-Regular.ttf */ = {isa = PBXFileReference; lastKnownFileType = file; path = "Pacifico-Regular.ttf"; sourceTree = "<group>"; };
		2A3F35B02C2CD63900B771CF /* gameEnd.swift */ = {isa = PBXFileReference; lastKnownFileType = sourcecode.swift; path = gameEnd.swift; sourceTree = "<group>"; };
		2A7C595A2C260BFE00850B32 /* TheResistanceGame.app */ = {isa = PBXFileReference; explicitFileType = wrapper.application; includeInIndex = 0; path = TheResistanceGame.app; sourceTree = BUILT_PRODUCTS_DIR; };
		2A7C595D2C260BFE00850B32 /* TheResistanceGameApp.swift */ = {isa = PBXFileReference; lastKnownFileType = sourcecode.swift; path = TheResistanceGameApp.swift; sourceTree = "<group>"; };
		2A7C595F2C260BFE00850B32 /* ContentView.swift */ = {isa = PBXFileReference; lastKnownFileType = sourcecode.swift; path = ContentView.swift; sourceTree = "<group>"; };
		2A7C59612C260BFE00850B32 /* Item.swift */ = {isa = PBXFileReference; lastKnownFileType = sourcecode.swift; path = Item.swift; sourceTree = "<group>"; };
		2A7C59632C260C0000850B32 /* Assets.xcassets */ = {isa = PBXFileReference; lastKnownFileType = folder.assetcatalog; path = Assets.xcassets; sourceTree = "<group>"; };
		2A7C59662C260C0000850B32 /* Preview Assets.xcassets */ = {isa = PBXFileReference; lastKnownFileType = folder.assetcatalog; path = "Preview Assets.xcassets"; sourceTree = "<group>"; };
		2A7C596D2C260C7700850B32 /* PlayerSetupView.swift */ = {isa = PBXFileReference; lastKnownFileType = sourcecode.swift; path = PlayerSetupView.swift; sourceTree = "<group>"; };
		2A7C596F2C260CC400850B32 /* GameState.swift */ = {isa = PBXFileReference; lastKnownFileType = sourcecode.swift; path = GameState.swift; sourceTree = "<group>"; };
		2A7C59712C260EB000850B32 /* GameService.swift */ = {isa = PBXFileReference; lastKnownFileType = sourcecode.swift; path = GameService.swift; sourceTree = "<group>"; };
		2A7C59822C26107200850B32 /* WaitingLobbyView.swift */ = {isa = PBXFileReference; lastKnownFileType = sourcecode.swift; path = WaitingLobbyView.swift; sourceTree = "<group>"; };
		2A7C59862C26126300850B32 /* GoogleService-Info.plist */ = {isa = PBXFileReference; fileEncoding = 4; lastKnownFileType = text.plist.xml; path = "GoogleService-Info.plist"; sourceTree = "<group>"; };
		2A7C59892C2622A900850B32 /* CustomTextBox.swift */ = {isa = PBXFileReference; lastKnownFileType = sourcecode.swift; path = CustomTextBox.swift; sourceTree = "<group>"; };
		2A7C598B2C2622F600850B32 /* HostOrJoinLabel.swift */ = {isa = PBXFileReference; lastKnownFileType = sourcecode.swift; path = HostOrJoinLabel.swift; sourceTree = "<group>"; };
		2AA04A382C263A760043A514 /* Knewave-Regular.ttf */ = {isa = PBXFileReference; lastKnownFileType = file; path = "Knewave-Regular.ttf"; sourceTree = "<group>"; };
		2AA04A3A2C265CD70043A514 /* NavigationViewModel.swift */ = {isa = PBXFileReference; lastKnownFileType = sourcecode.swift; path = NavigationViewModel.swift; sourceTree = "<group>"; };
		2AA04A3C2C267F1A0043A514 /* ConcertOne-Regular.ttf */ = {isa = PBXFileReference; lastKnownFileType = file; path = "ConcertOne-Regular.ttf"; sourceTree = "<group>"; };
		2AA04A3E2C268F3C0043A514 /* SpyRevealView.swift */ = {isa = PBXFileReference; lastKnownFileType = sourcecode.swift; path = SpyRevealView.swift; sourceTree = "<group>"; };
		2AA04A402C26905D0043A514 /* Dangrek-Regular.ttf */ = {isa = PBXFileReference; lastKnownFileType = file; path = "Dangrek-Regular.ttf"; sourceTree = "<group>"; };
		2AA04A422C2694F10043A514 /* ResistanceRevealView.swift */ = {isa = PBXFileReference; lastKnownFileType = sourcecode.swift; path = ResistanceRevealView.swift; sourceTree = "<group>"; };
		2AA04A442C27529F0043A514 /* MissionDashboard.swift */ = {isa = PBXFileReference; lastKnownFileType = sourcecode.swift; path = MissionDashboard.swift; sourceTree = "<group>"; };
		2AA04A462C27532C0043A514 /* MissionCircle.swift */ = {isa = PBXFileReference; lastKnownFileType = sourcecode.swift; path = MissionCircle.swift; sourceTree = "<group>"; };
		2AA04A482C277BE10043A514 /* MainGameView.swift */ = {isa = PBXFileReference; lastKnownFileType = sourcecode.swift; path = MainGameView.swift; sourceTree = "<group>"; };
		2AA04A4A2C277E590043A514 /* Itim-Regular.ttf */ = {isa = PBXFileReference; lastKnownFileType = file; path = "Itim-Regular.ttf"; sourceTree = "<group>"; };
		2AA04A4C2C2797A60043A514 /* MissionDetailView.swift */ = {isa = PBXFileReference; lastKnownFileType = sourcecode.swift; path = MissionDetailView.swift; sourceTree = "<group>"; };
		2AA04A4E2C27A3590043A514 /* JockeyOne-Regular.ttf */ = {isa = PBXFileReference; lastKnownFileType = file; path = "JockeyOne-Regular.ttf"; sourceTree = "<group>"; };
		2AA04A502C27A8550043A514 /* MoreMissionDetailView.swift */ = {isa = PBXFileReference; lastKnownFileType = sourcecode.swift; path = MoreMissionDetailView.swift; sourceTree = "<group>"; };
		2AA04A522C27F7130043A514 /* TeamSelectionView.swift */ = {isa = PBXFileReference; lastKnownFileType = sourcecode.swift; path = TeamSelectionView.swift; sourceTree = "<group>"; };
		2AA04A562C28EF0D0043A514 /* CurrentLeaderBox.swift */ = {isa = PBXFileReference; lastKnownFileType = sourcecode.swift; path = CurrentLeaderBox.swift; sourceTree = "<group>"; };
		2ACF06C42C2CE315003C179F /* LobsterTwo-Regular.ttf */ = {isa = PBXFileReference; lastKnownFileType = file; path = "LobsterTwo-Regular.ttf"; sourceTree = "<group>"; };
		2ACF06C62C2CE45F003C179F /* MouseMemoirs-Regular.ttf */ = {isa = PBXFileReference; lastKnownFileType = file; path = "MouseMemoirs-Regular.ttf"; sourceTree = "<group>"; };
		2ACF06C82C2DCA1A003C179F /* PlayerOrderView.swift */ = {isa = PBXFileReference; lastKnownFileType = sourcecode.swift; path = PlayerOrderView.swift; sourceTree = "<group>"; };
/* End PBXFileReference section */

/* Begin PBXFrameworksBuildPhase section */
		2A7C59572C260BFE00850B32 /* Frameworks */ = {
			isa = PBXFrameworksBuildPhase;
			buildActionMask = 2147483647;
			files = (
				2A7C597D2C260F5900850B32 /* FirebaseFirestoreSwift in Frameworks */,
				2A7C59792C260F5900850B32 /* FirebaseDatabaseSwift in Frameworks */,
				2A7C597B2C260F5900850B32 /* FirebaseFirestore in Frameworks */,
				2A7C59772C260F5900850B32 /* FirebaseDatabase in Frameworks */,
				2A7C59752C260F5900850B32 /* FirebaseAuth in Frameworks */,
				2A7C597F2C260F5900850B32 /* FirebaseStorage in Frameworks */,
			);
			runOnlyForDeploymentPostprocessing = 0;
		};
/* End PBXFrameworksBuildPhase section */

/* Begin PBXGroup section */
		2A3079C22C2639A6004FD332 /* Fonts */ = {
			isa = PBXGroup;
			children = (
				2A3079C32C2639B5004FD332 /* Pacifico-Regular.ttf */,
				2AA04A4A2C277E590043A514 /* Itim-Regular.ttf */,
				2AA04A4E2C27A3590043A514 /* JockeyOne-Regular.ttf */,
				2AA04A402C26905D0043A514 /* Dangrek-Regular.ttf */,
				2ACF06C62C2CE45F003C179F /* MouseMemoirs-Regular.ttf */,
				2AA04A3C2C267F1A0043A514 /* ConcertOne-Regular.ttf */,
				2AA04A382C263A760043A514 /* Knewave-Regular.ttf */,
				2ACF06C42C2CE315003C179F /* LobsterTwo-Regular.ttf */,
			);
			path = Fonts;
			sourceTree = "<group>";
		};
		2A7C59512C260BFE00850B32 = {
			isa = PBXGroup;
			children = (
				2A7C595C2C260BFE00850B32 /* TheResistanceGame */,
				2A7C595B2C260BFE00850B32 /* Products */,
			);
			sourceTree = "<group>";
		};
		2A7C595B2C260BFE00850B32 /* Products */ = {
			isa = PBXGroup;
			children = (
				2A7C595A2C260BFE00850B32 /* TheResistanceGame.app */,
			);
			name = Products;
			sourceTree = "<group>";
		};
		2A7C595C2C260BFE00850B32 /* TheResistanceGame */ = {
			isa = PBXGroup;
			children = (
				2A3079C22C2639A6004FD332 /* Fonts */,
				2A3079C12C26396C004FD332 /* Info.plist */,
				2A7C59882C26229000850B32 /* Components */,
				2A7C59812C26104A00850B32 /* Models */,
				2A7C59802C26103E00850B32 /* Views */,
				2A7C595D2C260BFE00850B32 /* TheResistanceGameApp.swift */,
				2A7C595F2C260BFE00850B32 /* ContentView.swift */,
				2A7C59612C260BFE00850B32 /* Item.swift */,
				2A7C59862C26126300850B32 /* GoogleService-Info.plist */,
				2A7C59632C260C0000850B32 /* Assets.xcassets */,
				2A7C59652C260C0000850B32 /* Preview Content */,
			);
			path = TheResistanceGame;
			sourceTree = "<group>";
		};
		2A7C59652C260C0000850B32 /* Preview Content */ = {
			isa = PBXGroup;
			children = (
				2A7C59662C260C0000850B32 /* Preview Assets.xcassets */,
			);
			path = "Preview Content";
			sourceTree = "<group>";
		};
		2A7C59802C26103E00850B32 /* Views */ = {
			isa = PBXGroup;
			children = (
				2A7C596D2C260C7700850B32 /* PlayerSetupView.swift */,
				2A7C59822C26107200850B32 /* WaitingLobbyView.swift */,
				2AA04A3E2C268F3C0043A514 /* SpyRevealView.swift */,
				2AA04A422C2694F10043A514 /* ResistanceRevealView.swift */,
				2AA04A482C277BE10043A514 /* MainGameView.swift */,
				2AA04A502C27A8550043A514 /* MoreMissionDetailView.swift */,
				2AA04A522C27F7130043A514 /* TeamSelectionView.swift */,
				2A1DFAA72C291DD10097BB65 /* MissionVotingView.swift */,
				2A3F35B02C2CD63900B771CF /* gameEnd.swift */,
				2ACF06C82C2DCA1A003C179F /* PlayerOrderView.swift */,
			);
			path = Views;
			sourceTree = "<group>";
		};
		2A7C59812C26104A00850B32 /* Models */ = {
			isa = PBXGroup;
			children = (
				2A7C59712C260EB000850B32 /* GameService.swift */,
				2A7C596F2C260CC400850B32 /* GameState.swift */,
				2AA04A3A2C265CD70043A514 /* NavigationViewModel.swift */,
			);
			path = Models;
			sourceTree = "<group>";
		};
		2A7C59882C26229000850B32 /* Components */ = {
			isa = PBXGroup;
			children = (
				2A7C59892C2622A900850B32 /* CustomTextBox.swift */,
				2A7C598B2C2622F600850B32 /* HostOrJoinLabel.swift */,
				2AA04A442C27529F0043A514 /* MissionDashboard.swift */,
				2AA04A462C27532C0043A514 /* MissionCircle.swift */,
				2AA04A4C2C2797A60043A514 /* MissionDetailView.swift */,
				2AA04A562C28EF0D0043A514 /* CurrentLeaderBox.swift */,
			);
			path = Components;
			sourceTree = "<group>";
		};
/* End PBXGroup section */

/* Begin PBXNativeTarget section */
		2A7C59592C260BFE00850B32 /* TheResistanceGame */ = {
			isa = PBXNativeTarget;
			buildConfigurationList = 2A7C596A2C260C0000850B32 /* Build configuration list for PBXNativeTarget "TheResistanceGame" */;
			buildPhases = (
				2A7C59562C260BFE00850B32 /* Sources */,
				2A7C59572C260BFE00850B32 /* Frameworks */,
				2A7C59582C260BFE00850B32 /* Resources */,
			);
			buildRules = (
			);
			dependencies = (
			);
			name = TheResistanceGame;
			packageProductDependencies = (
				2A7C59742C260F5900850B32 /* FirebaseAuth */,
				2A7C59762C260F5900850B32 /* FirebaseDatabase */,
				2A7C59782C260F5900850B32 /* FirebaseDatabaseSwift */,
				2A7C597A2C260F5900850B32 /* FirebaseFirestore */,
				2A7C597C2C260F5900850B32 /* FirebaseFirestoreSwift */,
				2A7C597E2C260F5900850B32 /* FirebaseStorage */,
			);
			productName = TheResistanceGame;
			productReference = 2A7C595A2C260BFE00850B32 /* TheResistanceGame.app */;
			productType = "com.apple.product-type.application";
		};
/* End PBXNativeTarget section */

/* Begin PBXProject section */
		2A7C59522C260BFE00850B32 /* Project object */ = {
			isa = PBXProject;
			attributes = {
				BuildIndependentTargetsInParallel = 1;
				LastSwiftUpdateCheck = 1540;
				LastUpgradeCheck = 1540;
				TargetAttributes = {
					2A7C59592C260BFE00850B32 = {
						CreatedOnToolsVersion = 15.4;
					};
				};
			};
			buildConfigurationList = 2A7C59552C260BFE00850B32 /* Build configuration list for PBXProject "TheResistanceGame" */;
			compatibilityVersion = "Xcode 14.0";
			developmentRegion = en;
			hasScannedForEncodings = 0;
			knownRegions = (
				en,
				Base,
			);
			mainGroup = 2A7C59512C260BFE00850B32;
			packageReferences = (
				2A7C59732C260F5900850B32 /* XCRemoteSwiftPackageReference "firebase-ios-sdk" */,
			);
			productRefGroup = 2A7C595B2C260BFE00850B32 /* Products */;
			projectDirPath = "";
			projectRoot = "";
			targets = (
				2A7C59592C260BFE00850B32 /* TheResistanceGame */,
			);
		};
/* End PBXProject section */

/* Begin PBXResourcesBuildPhase section */
		2A7C59582C260BFE00850B32 /* Resources */ = {
			isa = PBXResourcesBuildPhase;
			buildActionMask = 2147483647;
			files = (
				2AA04A412C26905D0043A514 /* Dangrek-Regular.ttf in Resources */,
				2A7C59672C260C0000850B32 /* Preview Assets.xcassets in Resources */,
				2ACF06C52C2CE316003C179F /* LobsterTwo-Regular.ttf in Resources */,
				2AA04A4F2C27A3590043A514 /* JockeyOne-Regular.ttf in Resources */,
				2AA04A3D2C267F1A0043A514 /* ConcertOne-Regular.ttf in Resources */,
				2ACF06C72C2CE45F003C179F /* MouseMemoirs-Regular.ttf in Resources */,
				2A3079C42C2639B5004FD332 /* Pacifico-Regular.ttf in Resources */,
				2AA04A392C263A760043A514 /* Knewave-Regular.ttf in Resources */,
				2A7C59642C260C0000850B32 /* Assets.xcassets in Resources */,
				2AA04A4B2C277E590043A514 /* Itim-Regular.ttf in Resources */,
				2A7C59872C26126300850B32 /* GoogleService-Info.plist in Resources */,
			);
			runOnlyForDeploymentPostprocessing = 0;
		};
/* End PBXResourcesBuildPhase section */

/* Begin PBXSourcesBuildPhase section */
		2A7C59562C260BFE00850B32 /* Sources */ = {
			isa = PBXSourcesBuildPhase;
			buildActionMask = 2147483647;
			files = (
				2A7C59602C260BFE00850B32 /* ContentView.swift in Sources */,
				2A7C596E2C260C7700850B32 /* PlayerSetupView.swift in Sources */,
				2AA04A532C27F7130043A514 /* TeamSelectionView.swift in Sources */,
				2AA04A4D2C2797A60043A514 /* MissionDetailView.swift in Sources */,
				2A3F35B12C2CD63900B771CF /* gameEnd.swift in Sources */,
				2AA04A3F2C268F3C0043A514 /* SpyRevealView.swift in Sources */,
				2AA04A512C27A8550043A514 /* MoreMissionDetailView.swift in Sources */,
				2A1DFAA82C291DD10097BB65 /* MissionVotingView.swift in Sources */,
				2A7C59832C26107200850B32 /* WaitingLobbyView.swift in Sources */,
				2AA04A492C277BE10043A514 /* MainGameView.swift in Sources */,
				2AA04A572C28EF0D0043A514 /* CurrentLeaderBox.swift in Sources */,
				2AA04A432C2694F10043A514 /* ResistanceRevealView.swift in Sources */,
				2A7C59702C260CC400850B32 /* GameState.swift in Sources */,
				2A7C598C2C2622F600850B32 /* HostOrJoinLabel.swift in Sources */,
				2ACF06C92C2DCA1A003C179F /* PlayerOrderView.swift in Sources */,
				2A7C59722C260EB000850B32 /* GameService.swift in Sources */,
				2AA04A3B2C265CD70043A514 /* NavigationViewModel.swift in Sources */,
				2A7C59622C260BFE00850B32 /* Item.swift in Sources */,
				2A7C595E2C260BFE00850B32 /* TheResistanceGameApp.swift in Sources */,
				2A7C598A2C2622A900850B32 /* CustomTextBox.swift in Sources */,
				2AA04A472C27532C0043A514 /* MissionCircle.swift in Sources */,
				2AA04A452C27529F0043A514 /* MissionDashboard.swift in Sources */,
			);
			runOnlyForDeploymentPostprocessing = 0;
		};
/* End PBXSourcesBuildPhase section */

/* Begin XCBuildConfiguration section */
		2A7C59682C260C0000850B32 /* Debug */ = {
			isa = XCBuildConfiguration;
			buildSettings = {
				ALWAYS_SEARCH_USER_PATHS = NO;
				ASSETCATALOG_COMPILER_GENERATE_SWIFT_ASSET_SYMBOL_EXTENSIONS = YES;
				CLANG_ANALYZER_NONNULL = YES;
				CLANG_ANALYZER_NUMBER_OBJECT_CONVERSION = YES_AGGRESSIVE;
				CLANG_CXX_LANGUAGE_STANDARD = "gnu++20";
				CLANG_ENABLE_MODULES = YES;
				CLANG_ENABLE_OBJC_ARC = YES;
				CLANG_ENABLE_OBJC_WEAK = YES;
				CLANG_WARN_BLOCK_CAPTURE_AUTORELEASING = YES;
				CLANG_WARN_BOOL_CONVERSION = YES;
				CLANG_WARN_COMMA = YES;
				CLANG_WARN_CONSTANT_CONVERSION = YES;
				CLANG_WARN_DEPRECATED_OBJC_IMPLEMENTATIONS = YES;
				CLANG_WARN_DIRECT_OBJC_ISA_USAGE = YES_ERROR;
				CLANG_WARN_DOCUMENTATION_COMMENTS = YES;
				CLANG_WARN_EMPTY_BODY = YES;
				CLANG_WARN_ENUM_CONVERSION = YES;
				CLANG_WARN_INFINITE_RECURSION = YES;
				CLANG_WARN_INT_CONVERSION = YES;
				CLANG_WARN_NON_LITERAL_NULL_CONVERSION = YES;
				CLANG_WARN_OBJC_IMPLICIT_RETAIN_SELF = YES;
				CLANG_WARN_OBJC_LITERAL_CONVERSION = YES;
				CLANG_WARN_OBJC_ROOT_CLASS = YES_ERROR;
				CLANG_WARN_QUOTED_INCLUDE_IN_FRAMEWORK_HEADER = YES;
				CLANG_WARN_RANGE_LOOP_ANALYSIS = YES;
				CLANG_WARN_STRICT_PROTOTYPES = YES;
				CLANG_WARN_SUSPICIOUS_MOVE = YES;
				CLANG_WARN_UNGUARDED_AVAILABILITY = YES_AGGRESSIVE;
				CLANG_WARN_UNREACHABLE_CODE = YES;
				CLANG_WARN__DUPLICATE_METHOD_MATCH = YES;
				COPY_PHASE_STRIP = NO;
				DEBUG_INFORMATION_FORMAT = dwarf;
				ENABLE_STRICT_OBJC_MSGSEND = YES;
				ENABLE_TESTABILITY = YES;
				ENABLE_USER_SCRIPT_SANDBOXING = YES;
				GCC_C_LANGUAGE_STANDARD = gnu17;
				GCC_DYNAMIC_NO_PIC = NO;
				GCC_NO_COMMON_BLOCKS = YES;
				GCC_OPTIMIZATION_LEVEL = 0;
				GCC_PREPROCESSOR_DEFINITIONS = (
					"DEBUG=1",
					"$(inherited)",
				);
				GCC_WARN_64_TO_32_BIT_CONVERSION = YES;
				GCC_WARN_ABOUT_RETURN_TYPE = YES_ERROR;
				GCC_WARN_UNDECLARED_SELECTOR = YES;
				GCC_WARN_UNINITIALIZED_AUTOS = YES_AGGRESSIVE;
				GCC_WARN_UNUSED_FUNCTION = YES;
				GCC_WARN_UNUSED_VARIABLE = YES;
				IPHONEOS_DEPLOYMENT_TARGET = 17.5;
				LOCALIZATION_PREFERS_STRING_CATALOGS = YES;
				MTL_ENABLE_DEBUG_INFO = INCLUDE_SOURCE;
				MTL_FAST_MATH = YES;
				ONLY_ACTIVE_ARCH = YES;
				PRODUCT_NAME = "The Resistance: Board Game";
				SDKROOT = iphoneos;
				SWIFT_ACTIVE_COMPILATION_CONDITIONS = "DEBUG $(inherited)";
				SWIFT_OPTIMIZATION_LEVEL = "-Onone";
			};
			name = Debug;
		};
		2A7C59692C260C0000850B32 /* Release */ = {
			isa = XCBuildConfiguration;
			buildSettings = {
				ALWAYS_SEARCH_USER_PATHS = NO;
				ASSETCATALOG_COMPILER_GENERATE_SWIFT_ASSET_SYMBOL_EXTENSIONS = YES;
				CLANG_ANALYZER_NONNULL = YES;
				CLANG_ANALYZER_NUMBER_OBJECT_CONVERSION = YES_AGGRESSIVE;
				CLANG_CXX_LANGUAGE_STANDARD = "gnu++20";
				CLANG_ENABLE_MODULES = YES;
				CLANG_ENABLE_OBJC_ARC = YES;
				CLANG_ENABLE_OBJC_WEAK = YES;
				CLANG_WARN_BLOCK_CAPTURE_AUTORELEASING = YES;
				CLANG_WARN_BOOL_CONVERSION = YES;
				CLANG_WARN_COMMA = YES;
				CLANG_WARN_CONSTANT_CONVERSION = YES;
				CLANG_WARN_DEPRECATED_OBJC_IMPLEMENTATIONS = YES;
				CLANG_WARN_DIRECT_OBJC_ISA_USAGE = YES_ERROR;
				CLANG_WARN_DOCUMENTATION_COMMENTS = YES;
				CLANG_WARN_EMPTY_BODY = YES;
				CLANG_WARN_ENUM_CONVERSION = YES;
				CLANG_WARN_INFINITE_RECURSION = YES;
				CLANG_WARN_INT_CONVERSION = YES;
				CLANG_WARN_NON_LITERAL_NULL_CONVERSION = YES;
				CLANG_WARN_OBJC_IMPLICIT_RETAIN_SELF = YES;
				CLANG_WARN_OBJC_LITERAL_CONVERSION = YES;
				CLANG_WARN_OBJC_ROOT_CLASS = YES_ERROR;
				CLANG_WARN_QUOTED_INCLUDE_IN_FRAMEWORK_HEADER = YES;
				CLANG_WARN_RANGE_LOOP_ANALYSIS = YES;
				CLANG_WARN_STRICT_PROTOTYPES = YES;
				CLANG_WARN_SUSPICIOUS_MOVE = YES;
				CLANG_WARN_UNGUARDED_AVAILABILITY = YES_AGGRESSIVE;
				CLANG_WARN_UNREACHABLE_CODE = YES;
				CLANG_WARN__DUPLICATE_METHOD_MATCH = YES;
				COPY_PHASE_STRIP = NO;
				DEBUG_INFORMATION_FORMAT = "dwarf-with-dsym";
				ENABLE_NS_ASSERTIONS = NO;
				ENABLE_STRICT_OBJC_MSGSEND = YES;
				ENABLE_USER_SCRIPT_SANDBOXING = YES;
				GCC_C_LANGUAGE_STANDARD = gnu17;
				GCC_NO_COMMON_BLOCKS = YES;
				GCC_WARN_64_TO_32_BIT_CONVERSION = YES;
				GCC_WARN_ABOUT_RETURN_TYPE = YES_ERROR;
				GCC_WARN_UNDECLARED_SELECTOR = YES;
				GCC_WARN_UNINITIALIZED_AUTOS = YES_AGGRESSIVE;
				GCC_WARN_UNUSED_FUNCTION = YES;
				GCC_WARN_UNUSED_VARIABLE = YES;
				IPHONEOS_DEPLOYMENT_TARGET = 17.5;
				LOCALIZATION_PREFERS_STRING_CATALOGS = YES;
				MTL_ENABLE_DEBUG_INFO = NO;
				MTL_FAST_MATH = YES;
				PRODUCT_NAME = "The Resistance: Board Game";
				SDKROOT = iphoneos;
				SWIFT_COMPILATION_MODE = wholemodule;
				VALIDATE_PRODUCT = YES;
			};
			name = Release;
		};
		2A7C596B2C260C0000850B32 /* Debug */ = {
			isa = XCBuildConfiguration;
			buildSettings = {
				ASSETCATALOG_COMPILER_APPICON_NAME = AppIcon;
				ASSETCATALOG_COMPILER_GLOBAL_ACCENT_COLOR_NAME = AccentColor;
				CODE_SIGN_STYLE = Automatic;
				CURRENT_PROJECT_VERSION = 1;
				DEVELOPMENT_ASSET_PATHS = "\"TheResistanceGame/Preview Content\"";
				DEVELOPMENT_TEAM = V7FZ6TUJS4;
				ENABLE_PREVIEWS = YES;
				GENERATE_INFOPLIST_FILE = YES;
				INFOPLIST_FILE = TheResistanceGame/Info.plist;
				INFOPLIST_KEY_CFBundleDisplayName = "The Resistance: Game";
				INFOPLIST_KEY_UIApplicationSceneManifest_Generation = YES;
				INFOPLIST_KEY_UIApplicationSupportsIndirectInputEvents = YES;
				INFOPLIST_KEY_UILaunchScreen_Generation = YES;
				INFOPLIST_KEY_UISupportedInterfaceOrientations_iPad = "UIInterfaceOrientationPortrait UIInterfaceOrientationPortraitUpsideDown UIInterfaceOrientationLandscapeLeft UIInterfaceOrientationLandscapeRight";
				INFOPLIST_KEY_UISupportedInterfaceOrientations_iPhone = "UIInterfaceOrientationPortrait UIInterfaceOrientationLandscapeLeft UIInterfaceOrientationLandscapeRight";
				LD_RUNPATH_SEARCH_PATHS = (
					"$(inherited)",
					"@executable_path/Frameworks",
				);
				MARKETING_VERSION = 1.0;
				PRODUCT_BUNDLE_IDENTIFIER = asharmadev.TheResistanceGame;
				PRODUCT_NAME = "$(TARGET_NAME)";
				SWIFT_EMIT_LOC_STRINGS = YES;
				SWIFT_VERSION = 5.0;
				TARGETED_DEVICE_FAMILY = "1,2";
			};
			name = Debug;
		};
		2A7C596C2C260C0000850B32 /* Release */ = {
			isa = XCBuildConfiguration;
			buildSettings = {
				ASSETCATALOG_COMPILER_APPICON_NAME = AppIcon;
				ASSETCATALOG_COMPILER_GLOBAL_ACCENT_COLOR_NAME = AccentColor;
				CODE_SIGN_STYLE = Automatic;
				CURRENT_PROJECT_VERSION = 1;
				DEVELOPMENT_ASSET_PATHS = "\"TheResistanceGame/Preview Content\"";
				DEVELOPMENT_TEAM = V7FZ6TUJS4;
				ENABLE_PREVIEWS = YES;
				GENERATE_INFOPLIST_FILE = YES;
				INFOPLIST_FILE = TheResistanceGame/Info.plist;
				INFOPLIST_KEY_CFBundleDisplayName = "The Resistance: Game";
				INFOPLIST_KEY_UIApplicationSceneManifest_Generation = YES;
				INFOPLIST_KEY_UIApplicationSupportsIndirectInputEvents = YES;
				INFOPLIST_KEY_UILaunchScreen_Generation = YES;
				INFOPLIST_KEY_UISupportedInterfaceOrientations_iPad = "UIInterfaceOrientationPortrait UIInterfaceOrientationPortraitUpsideDown UIInterfaceOrientationLandscapeLeft UIInterfaceOrientationLandscapeRight";
				INFOPLIST_KEY_UISupportedInterfaceOrientations_iPhone = "UIInterfaceOrientationPortrait UIInterfaceOrientationLandscapeLeft UIInterfaceOrientationLandscapeRight";
				LD_RUNPATH_SEARCH_PATHS = (
					"$(inherited)",
					"@executable_path/Frameworks",
				);
				MARKETING_VERSION = 1.0;
				PRODUCT_BUNDLE_IDENTIFIER = asharmadev.TheResistanceGame;
				PRODUCT_NAME = "$(TARGET_NAME)";
				SWIFT_EMIT_LOC_STRINGS = YES;
				SWIFT_VERSION = 5.0;
				TARGETED_DEVICE_FAMILY = "1,2";
			};
			name = Release;
		};
/* End XCBuildConfiguration section */

/* Begin XCConfigurationList section */
		2A7C59552C260BFE00850B32 /* Build configuration list for PBXProject "TheResistanceGame" */ = {
			isa = XCConfigurationList;
			buildConfigurations = (
				2A7C59682C260C0000850B32 /* Debug */,
				2A7C59692C260C0000850B32 /* Release */,
			);
			defaultConfigurationIsVisible = 0;
			defaultConfigurationName = Release;
		};
		2A7C596A2C260C0000850B32 /* Build configuration list for PBXNativeTarget "TheResistanceGame" */ = {
			isa = XCConfigurationList;
			buildConfigurations = (
				2A7C596B2C260C0000850B32 /* Debug */,
				2A7C596C2C260C0000850B32 /* Release */,
			);
			defaultConfigurationIsVisible = 0;
			defaultConfigurationName = Release;
		};
/* End XCConfigurationList section */

/* Begin XCRemoteSwiftPackageReference section */
		2A7C59732C260F5900850B32 /* XCRemoteSwiftPackageReference "firebase-ios-sdk" */ = {
			isa = XCRemoteSwiftPackageReference;
			repositoryURL = "https://github.com/firebase/firebase-ios-sdk";
			requirement = {
				kind = upToNextMajorVersion;
				minimumVersion = 10.28.0;
			};
		};
/* End XCRemoteSwiftPackageReference section */

/* Begin XCSwiftPackageProductDependency section */
		2A7C59742C260F5900850B32 /* FirebaseAuth */ = {
			isa = XCSwiftPackageProductDependency;
			package = 2A7C59732C260F5900850B32 /* XCRemoteSwiftPackageReference "firebase-ios-sdk" */;
			productName = FirebaseAuth;
		};
		2A7C59762C260F5900850B32 /* FirebaseDatabase */ = {
			isa = XCSwiftPackageProductDependency;
			package = 2A7C59732C260F5900850B32 /* XCRemoteSwiftPackageReference "firebase-ios-sdk" */;
			productName = FirebaseDatabase;
		};
		2A7C59782C260F5900850B32 /* FirebaseDatabaseSwift */ = {
			isa = XCSwiftPackageProductDependency;
			package = 2A7C59732C260F5900850B32 /* XCRemoteSwiftPackageReference "firebase-ios-sdk" */;
			productName = FirebaseDatabaseSwift;
		};
		2A7C597A2C260F5900850B32 /* FirebaseFirestore */ = {
			isa = XCSwiftPackageProductDependency;
			package = 2A7C59732C260F5900850B32 /* XCRemoteSwiftPackageReference "firebase-ios-sdk" */;
			productName = FirebaseFirestore;
		};
		2A7C597C2C260F5900850B32 /* FirebaseFirestoreSwift */ = {
			isa = XCSwiftPackageProductDependency;
			package = 2A7C59732C260F5900850B32 /* XCRemoteSwiftPackageReference "firebase-ios-sdk" */;
			productName = FirebaseFirestoreSwift;
		};
		2A7C597E2C260F5900850B32 /* FirebaseStorage */ = {
			isa = XCSwiftPackageProductDependency;
			package = 2A7C59732C260F5900850B32 /* XCRemoteSwiftPackageReference "firebase-ios-sdk" */;
			productName = FirebaseStorage;
		};
/* End XCSwiftPackageProductDependency section */
	};
	rootObject = 2A7C59522C260BFE00850B32 /* Project object */;
}
